{
    "name": "@microsoft/live-share",
    "version": "1.0.0-preview.1",
    "lockfileVersion": 2,
    "requires": true,
    "packages": {
        "": {
            "name": "@microsoft/live-share",
            "version": "1.0.0-preview.1",
            "license": "SEE LICENSE IN LICENSE",
            "dependencies": {
                "@microsoft/teams-js": "2.0.0-experimental.1"
            }
        },
        "node_modules/@microsoft/teams-js": {
            "version": "2.0.0-experimental.1",
            "resolved": "https://registry.npmjs.org/@microsoft/teams-js/-/teams-js-2.0.0-experimental.1.tgz",
            "integrity": "sha512-gZX2FudbtpzqfT4+7uZoDGS2xGUchfvNxC3xu68IbpS58p3KFXTfvpQEUd7oTRY01PYi96w8AHrj7qy5x4xFcg==",
            "dependencies": {
                "debug": "4.3.3"
            }
        },
        "node_modules/@microsoft/teams-js/node_modules/debug": {
            "version": "4.3.3",
            "resolved": "https://registry.npmjs.org/debug/-/debug-4.3.3.tgz",
            "integrity": "sha512-/zxw5+vh1Tfv+4Qn7a5nsbcJKPaSvCDhojn6FEl9vupwK2VCSDtEiEtqr8DFtzYFOdz63LBkxec7DYuc2jon6Q==",
            "dependencies": {
                "ms": "2.1.2"
            },
            "engines": {
                "node": ">=6.0"
            },
            "peerDependenciesMeta": {
                "supports-color": {
                    "optional": true
                }
            }
        },
        "node_modules/@microsoft/teams-js/node_modules/ms": {
            "version": "2.1.2",
            "resolved": "https://registry.npmjs.org/ms/-/ms-2.1.2.tgz",
            "integrity": "sha512-sGkPx+VjMtmA6MX27oA4FBFELFCZZ4S4XqeGOXCv68tT+jb3vk/RyaKWP0PTKyWtmLSM0b+adUTEvbs1PEaH2w=="
        }
    },
    "dependencies": {
        "@microsoft/teams-js": {
            "version": "2.0.0-experimental.1",
            "resolved": "https://registry.npmjs.org/@microsoft/teams-js/-/teams-js-2.0.0-experimental.1.tgz",
            "integrity": "sha512-gZX2FudbtpzqfT4+7uZoDGS2xGUchfvNxC3xu68IbpS58p3KFXTfvpQEUd7oTRY01PYi96w8AHrj7qy5x4xFcg==",
            "requires": {
                "debug": "4.3.3"
            },
            "dependencies": {
                "debug": {
                    "version": "4.3.3",
                    "resolved": "https://registry.npmjs.org/debug/-/debug-4.3.3.tgz",
                    "integrity": "sha512-/zxw5+vh1Tfv+4Qn7a5nsbcJKPaSvCDhojn6FEl9vupwK2VCSDtEiEtqr8DFtzYFOdz63LBkxec7DYuc2jon6Q==",
                    "requires": {
                        "ms": "2.1.2"
                    }
                },
                "ms": {
                    "version": "2.1.2",
                    "resolved": "https://registry.npmjs.org/ms/-/ms-2.1.2.tgz",
                    "integrity": "sha512-sGkPx+VjMtmA6MX27oA4FBFELFCZZ4S4XqeGOXCv68tT+jb3vk/RyaKWP0PTKyWtmLSM0b+adUTEvbs1PEaH2w=="
                }
            }
        }
    }
}
