{
	"name": "dice-roller",
	"version": "0.1.1",
	"lockfileVersion": 2,
	"requires": true,
	"packages": {
		"": {
			"name": "dice-roller",
			"version": "0.1.1",
			"license": "Microsoft",
			"dependencies": {
				"@fluidframework/test-client-utils": "^0.58.2000"
			}
		},
		"node_modules/@fluidframework/azure-service-utils": {
			"version": "0.58.2002",
			"resolved": "https://registry.npmjs.org/@fluidframework/azure-service-utils/-/azure-service-utils-0.58.2002.tgz",
			"integrity": "sha512-2KrKPi0ua0GWMAoCRAOc5SHkW1WgcQycmKAAICe6VfiReb1bWwgPSdIUj4NNdmDFM2ulq6p5iuilvMcahoNk9w==",
			"dependencies": {
				"@fluidframework/protocol-definitions": "^0.1027.1000",
				"jsrsasign": "^10.2.0"
			}
		},
		"node_modules/@fluidframework/common-definitions": {
			"version": "0.20.1",
			"resolved": "https://registry.npmjs.org/@fluidframework/common-definitions/-/common-definitions-0.20.1.tgz",
			"integrity": "sha512-KaoQ7w2MDH5OeRKVatL5yVOCFg+9wD6bLSLFh1/TV1EZM46l49iBqO7UVjUtPE6BIm0jvvOzJXULGVSpzokX3g=="
		},
		"node_modules/@fluidframework/common-utils": {
			"version": "0.32.1",
			"resolved": "https://registry.npmjs.org/@fluidframework/common-utils/-/common-utils-0.32.1.tgz",
			"integrity": "sha512-8m7nTGLyzQqjGX9qZmE1L65IfSxrcEo35MtCVmH0qfttfVqEFghxXAgtmrcfvKkg6NUDTmb13hdyNx0hZlky7w==",
			"dependencies": {
				"@fluidframework/common-definitions": "^0.20.1",
				"@types/events": "^3.0.0",
				"base64-js": "^1.5.1",
				"events": "^3.1.0",
				"lodash": "^4.17.21",
				"sha.js": "^2.4.11"
			}
		},
		"node_modules/@fluidframework/container-definitions": {
			"version": "0.47.1000",
			"resolved": "https://registry.npmjs.org/@fluidframework/container-definitions/-/container-definitions-0.47.1000.tgz",
			"integrity": "sha512-L6I1HYEAmfMZfRx3O8JB3Z0Z96BbzuT+LPpx94s9J7L9pbLxfKQwSWNtYSMj0T8RxV4qGdzqABDnyYW6mwjm8w==",
			"dependencies": {
				"@fluidframework/common-definitions": "^0.20.0",
				"@fluidframework/core-interfaces": "^0.42.0",
				"@fluidframework/driver-definitions": "^0.45.1000",
				"@fluidframework/protocol-definitions": "^0.1027.1000"
			}
		},
		"node_modules/@fluidframework/container-runtime-definitions": {
			"version": "0.58.2002",
			"resolved": "https://registry.npmjs.org/@fluidframework/container-runtime-definitions/-/container-runtime-definitions-0.58.2002.tgz",
			"integrity": "sha512-f7BKafg7LTB4R9qkzrliqWeQycrlg9UGZVi1OL7EY737vp1BScx0IGPjPwitDZ4b3L5VpjIvhsoF6JWQFKskLA==",
			"dependencies": {
				"@fluidframework/common-definitions": "^0.20.1",
				"@fluidframework/container-definitions": "^0.47.1000",
				"@fluidframework/core-interfaces": "^0.42.0",
				"@fluidframework/driver-definitions": "^0.45.1000",
				"@fluidframework/protocol-definitions": "^0.1027.1000",
				"@fluidframework/runtime-definitions": "^0.58.2002",
				"@types/node": "^14.18.0"
			}
		},
		"node_modules/@fluidframework/core-interfaces": {
			"version": "0.42.0",
			"resolved": "https://registry.npmjs.org/@fluidframework/core-interfaces/-/core-interfaces-0.42.0.tgz",
			"integrity": "sha512-++hCu5X6e2CL2swrhXoGaJanGjvaHZNmTT/cSYI8tfnX4cW7eRJuIy8Kcg6K3nMn4thxbVPW7+QG4VPRNuGlMQ=="
		},
		"node_modules/@fluidframework/datastore-definitions": {
			"version": "0.58.2002",
			"resolved": "https://registry.npmjs.org/@fluidframework/datastore-definitions/-/datastore-definitions-0.58.2002.tgz",
			"integrity": "sha512-UBjBgaWKdW77oykAVrEJnEFGuQ827vHPWCO878vks44Zc3mpOcjfADGA4nqvVlV2NP8euldxJZJVeuIf/wj4xQ==",
			"dependencies": {
				"@fluidframework/common-definitions": "^0.20.1",
				"@fluidframework/common-utils": "^0.32.1",
				"@fluidframework/container-definitions": "^0.47.1000",
				"@fluidframework/core-interfaces": "^0.42.0",
				"@fluidframework/protocol-definitions": "^0.1027.1000",
				"@fluidframework/runtime-definitions": "^0.58.2002",
				"@types/node": "^14.18.0"
			}
		},
		"node_modules/@fluidframework/driver-base": {
			"version": "0.58.2002",
			"resolved": "https://registry.npmjs.org/@fluidframework/driver-base/-/driver-base-0.58.2002.tgz",
			"integrity": "sha512-iXQQH4QWr7E6oNmmpBmcneeNbSsjaMfZsqx8qebjB6+HgqqZCRgdXzCpp+A7cdq2hAthOCDfKqrQ7DLauG+u1g==",
			"dependencies": {
				"@fluidframework/common-definitions": "^0.20.1",
				"@fluidframework/common-utils": "^0.32.1",
				"@fluidframework/driver-definitions": "^0.45.1000",
				"@fluidframework/driver-utils": "^0.58.2002",
				"@fluidframework/protocol-definitions": "^0.1027.1000",
				"@fluidframework/telemetry-utils": "^0.58.2002"
			}
		},
		"node_modules/@fluidframework/driver-definitions": {
			"version": "0.45.1000",
			"resolved": "https://registry.npmjs.org/@fluidframework/driver-definitions/-/driver-definitions-0.45.1000.tgz",
			"integrity": "sha512-n7JkAJ6yEcl8ACCfqJ754SAzjpeI9u33ZjElkXsO46yE4XKoD/Fkm7RcTFrDyUl9ydJpTnHIbB5idt5Ywmt2vg==",
			"dependencies": {
				"@fluidframework/common-definitions": "^0.20.0",
				"@fluidframework/core-interfaces": "^0.42.0",
				"@fluidframework/protocol-definitions": "^0.1027.1000"
			}
		},
		"node_modules/@fluidframework/driver-utils": {
			"version": "0.58.2002",
			"resolved": "https://registry.npmjs.org/@fluidframework/driver-utils/-/driver-utils-0.58.2002.tgz",
			"integrity": "sha512-75SoHl7XTwObW8XVT4CusYiXbnldvdf1DNAMRuaMe00ntymC+uHydbIvs9U9gKWzsl+r1YbKkWoFBZaI6imZeQ==",
			"dependencies": {
				"@fluidframework/common-definitions": "^0.20.1",
				"@fluidframework/common-utils": "^0.32.1",
				"@fluidframework/core-interfaces": "^0.42.0",
				"@fluidframework/driver-definitions": "^0.45.1000",
				"@fluidframework/gitresources": "^0.1035.1000",
				"@fluidframework/protocol-base": "^0.1035.1000",
				"@fluidframework/protocol-definitions": "^0.1027.1000",
				"@fluidframework/telemetry-utils": "^0.58.2002",
				"axios": "^0.26.0",
				"uuid": "^8.3.1"
			}
		},
		"node_modules/@fluidframework/garbage-collector": {
			"version": "0.58.2002",
			"resolved": "https://registry.npmjs.org/@fluidframework/garbage-collector/-/garbage-collector-0.58.2002.tgz",
			"integrity": "sha512-j/uV4T6Akt/el3OgjpsSdW46kc+07N48oYFpUFXyO7/skXobW2o29bIXHVBbRuDTtX24wjTVxNWfr05ZpHny3w==",
			"dependencies": {
				"@fluidframework/common-definitions": "^0.20.1",
				"@fluidframework/common-utils": "^0.32.1",
				"@fluidframework/runtime-definitions": "^0.58.2002"
			}
		},
		"node_modules/@fluidframework/gitresources": {
			"version": "0.1035.1000",
			"resolved": "https://registry.npmjs.org/@fluidframework/gitresources/-/gitresources-0.1035.1000.tgz",
			"integrity": "sha512-wva423Pk9+SRDr7OlgvZxHdohGuo6cI4yenj7aVLenbqhrq72zxT8hJ5TG4PZJeu2BEybZRxz6AFGRLZpGp8CQ=="
		},
		"node_modules/@fluidframework/protocol-base": {
			"version": "0.1035.1000",
			"resolved": "https://registry.npmjs.org/@fluidframework/protocol-base/-/protocol-base-0.1035.1000.tgz",
			"integrity": "sha512-MMHe/RUT99cf70kQ/rHGlNl85zJooiCdENSJIWObbZTfuDsZf0f8wjHjr1i39/wEs+2/eZ0pTWLB4HVom6UMpA==",
			"dependencies": {
				"@fluidframework/common-utils": "^0.32.1",
				"@fluidframework/gitresources": "^0.1035.1000",
				"@fluidframework/protocol-definitions": "^0.1027.1000",
				"lodash": "^4.17.21"
			}
		},
		"node_modules/@fluidframework/protocol-definitions": {
			"version": "0.1027.1000",
			"resolved": "https://registry.npmjs.org/@fluidframework/protocol-definitions/-/protocol-definitions-0.1027.1000.tgz",
			"integrity": "sha512-6eUlOw9bOLjGmma1XtJDq7bMgSmrut+tsTA37kfokcWiUCBhlxLXq+fJkLuhjDOCVowEy5m0fRgt3vHzG/H9mg==",
			"dependencies": {
				"@fluidframework/common-definitions": "^0.20.0"
			}
		},
		"node_modules/@fluidframework/routerlicious-driver": {
			"version": "0.58.2002",
			"resolved": "https://registry.npmjs.org/@fluidframework/routerlicious-driver/-/routerlicious-driver-0.58.2002.tgz",
			"integrity": "sha512-/WEm5uHC46TWRHJ90kopG/AE+Uz9R1va5AIGlQrD4iFDdRA4JXHbgD+QJmlt93eF9YRqOgd2sQKRAu8U0zwmTg==",
			"dependencies": {
				"@fluidframework/common-definitions": "^0.20.1",
				"@fluidframework/common-utils": "^0.32.1",
				"@fluidframework/driver-base": "^0.58.2002",
				"@fluidframework/driver-definitions": "^0.45.1000",
				"@fluidframework/driver-utils": "^0.58.2002",
				"@fluidframework/gitresources": "^0.1035.1000",
				"@fluidframework/protocol-base": "^0.1035.1000",
				"@fluidframework/protocol-definitions": "^0.1027.1000",
				"@fluidframework/server-services-client": "^0.1035.1000",
				"@fluidframework/telemetry-utils": "^0.58.2002",
				"cross-fetch": "^3.1.5",
				"json-stringify-safe": "5.0.1",
				"socket.io-client": "^4.4.1",
				"url-parse": "^1.5.8",
				"uuid": "^8.3.1"
			}
		},
		"node_modules/@fluidframework/runtime-definitions": {
			"version": "0.58.2002",
			"resolved": "https://registry.npmjs.org/@fluidframework/runtime-definitions/-/runtime-definitions-0.58.2002.tgz",
			"integrity": "sha512-6a/P130KbBGFZ2mqRT7GhDQG3vLqyIO9fth+gFDMVHm8OjP7xmjgl1rOtfKHfqf0+PbBHl0S1zIpohLo27M3qg==",
			"dependencies": {
				"@fluidframework/common-definitions": "^0.20.1",
				"@fluidframework/common-utils": "^0.32.1",
				"@fluidframework/container-definitions": "^0.47.1000",
				"@fluidframework/core-interfaces": "^0.42.0",
				"@fluidframework/driver-definitions": "^0.45.1000",
				"@fluidframework/protocol-definitions": "^0.1027.1000",
				"@types/node": "^14.18.0"
			}
		},
		"node_modules/@fluidframework/runtime-utils": {
			"version": "0.58.2002",
			"resolved": "https://registry.npmjs.org/@fluidframework/runtime-utils/-/runtime-utils-0.58.2002.tgz",
			"integrity": "sha512-Ixrqq/Gxq2OuPYDLszdPZXd1B9TtiofPjpGxiQcRknOiGNEdRUhOcLdv/+j7gRB2b1LoX7J+xw/93arboD3KdA==",
			"dependencies": {
				"@fluidframework/common-definitions": "^0.20.1",
				"@fluidframework/common-utils": "^0.32.1",
				"@fluidframework/container-definitions": "^0.47.1000",
				"@fluidframework/container-runtime-definitions": "^0.58.2002",
				"@fluidframework/core-interfaces": "^0.42.0",
				"@fluidframework/datastore-definitions": "^0.58.2002",
				"@fluidframework/garbage-collector": "^0.58.2002",
				"@fluidframework/protocol-base": "^0.1035.1000",
				"@fluidframework/protocol-definitions": "^0.1027.1000",
				"@fluidframework/runtime-definitions": "^0.58.2002",
				"@fluidframework/telemetry-utils": "^0.58.2002"
			}
		},
		"node_modules/@fluidframework/server-services-client": {
			"version": "0.1035.1000",
			"resolved": "https://registry.npmjs.org/@fluidframework/server-services-client/-/server-services-client-0.1035.1000.tgz",
			"integrity": "sha512-zYXg7hIA57+3I4OnZP4s4vRIt0kjK7dG0kia7V9HnrJ1V+1u19tZwDUuj8zEydPaMGyraIRP5We+z6aYeZhErQ==",
			"dependencies": {
				"@fluidframework/common-utils": "^0.32.1",
				"@fluidframework/gitresources": "^0.1035.1000",
				"@fluidframework/protocol-base": "^0.1035.1000",
				"@fluidframework/protocol-definitions": "^0.1027.1000",
				"axios": "^0.26.0",
				"crc-32": "1.2.0",
				"debug": "^4.1.1",
				"json-stringify-safe": "^5.0.1",
				"jsrsasign": "^10.2.0",
				"jwt-decode": "^3.0.0",
				"sillyname": "^0.1.0",
				"uuid": "^8.3.1"
			}
		},
		"node_modules/@fluidframework/telemetry-utils": {
			"version": "0.58.2002",
			"resolved": "https://registry.npmjs.org/@fluidframework/telemetry-utils/-/telemetry-utils-0.58.2002.tgz",
			"integrity": "sha512-8JQhGvO+vf/G6mYK0fbgD4mcDe1afLkCOuAnfLD+pZgaxV1Gz2FpjLam0enjXI4/9/1ORRqvVg1MDEYatyN7MA==",
			"dependencies": {
				"@fluidframework/common-definitions": "^0.20.1",
				"@fluidframework/common-utils": "^0.32.1",
				"debug": "^4.1.1",
				"events": "^3.1.0",
				"uuid": "^8.3.1"
			}
		},
		"node_modules/@fluidframework/test-client-utils": {
			"version": "0.58.2002",
			"resolved": "https://registry.npmjs.org/@fluidframework/test-client-utils/-/test-client-utils-0.58.2002.tgz",
			"integrity": "sha512-yqqTi0yO4nOvutKlPkUyio8sjmdM5amES/dhd62xymUq1/Rkbk4R3NIpc1rZaDP0HlIaKmCTk3UEwbnxlAOgsA==",
			"dependencies": {
				"@fluidframework/protocol-definitions": "^0.1027.1000",
				"@fluidframework/test-runtime-utils": "^0.58.2002",
				"sillyname": "^0.1.0"
			}
		},
		"node_modules/@fluidframework/test-runtime-utils": {
			"version": "0.58.2002",
			"resolved": "https://registry.npmjs.org/@fluidframework/test-runtime-utils/-/test-runtime-utils-0.58.2002.tgz",
			"integrity": "sha512-nl2R13e7RBqUh99YigZfT8dVQcWn+tURPPZB16QjyrEk0B8/wcldMxD3oWUe0Re686IeWmDG8UWVsWy1n+CdkQ==",
			"dependencies": {
				"@fluidframework/azure-service-utils": "^0.58.2002",
				"@fluidframework/common-definitions": "^0.20.1",
				"@fluidframework/common-utils": "^0.32.1",
				"@fluidframework/container-definitions": "^0.47.1000",
				"@fluidframework/core-interfaces": "^0.42.0",
				"@fluidframework/datastore-definitions": "^0.58.2002",
				"@fluidframework/driver-definitions": "^0.45.1000",
				"@fluidframework/driver-utils": "^0.58.2002",
				"@fluidframework/protocol-definitions": "^0.1027.1000",
				"@fluidframework/routerlicious-driver": "^0.58.2002",
				"@fluidframework/runtime-definitions": "^0.58.2002",
				"@fluidframework/runtime-utils": "^0.58.2002",
				"@fluidframework/telemetry-utils": "^0.58.2002",
				"axios": "^0.26.0",
				"uuid": "^8.3.1"
			}
		},
		"node_modules/@socket.io/component-emitter": {
			"version": "3.1.0",
			"resolved": "https://registry.npmjs.org/@socket.io/component-emitter/-/component-emitter-3.1.0.tgz",
			"integrity": "sha512-+9jVqKhRSpsc591z5vX+X5Yyw+he/HCB4iQ/RYxw35CEPaY1gnsNE43nf9n9AaYjAQrTiI/mOwKUKdUs9vf7Xg=="
		},
		"node_modules/@types/events": {
			"version": "3.0.0",
			"resolved": "https://registry.npmjs.org/@types/events/-/events-3.0.0.tgz",
			"integrity": "sha512-EaObqwIvayI5a8dCzhFrjKzVwKLxjoG9T6Ppd5CEo07LRKfQ8Yokw54r5+Wq7FaBQ+yXRvQAYPrHwya1/UFt9g=="
		},
		"node_modules/@types/node": {
			"version": "14.18.18",
			"resolved": "https://registry.npmjs.org/@types/node/-/node-14.18.18.tgz",
			"integrity": "sha512-B9EoJFjhqcQ9OmQrNorItO+OwEOORNn3S31WuiHvZY/dm9ajkB7AKD/8toessEtHHNL+58jofbq7hMMY9v4yig=="
		},
		"node_modules/axios": {
			"version": "0.26.1",
			"resolved": "https://registry.npmjs.org/axios/-/axios-0.26.1.tgz",
			"integrity": "sha512-fPwcX4EvnSHuInCMItEhAGnaSEXRBjtzh9fOtsE6E1G6p7vl7edEeZe11QHf18+6+9gR5PbKV/sGKNaD8YaMeA==",
			"dependencies": {
				"follow-redirects": "^1.14.8"
			}
		},
		"node_modules/base64-js": {
			"version": "1.5.1",
			"resolved": "https://registry.npmjs.org/base64-js/-/base64-js-1.5.1.tgz",
			"integrity": "sha512-AKpaYlHn8t4SVbOHCy+b5+KKgvR4vrsD8vbvrbiQJps7fKDTkjkDry6ji0rUJjC0kzbNePLwzxq8iypo41qeWA==",
			"funding": [
				{
					"type": "github",
					"url": "https://github.com/sponsors/feross"
				},
				{
					"type": "patreon",
					"url": "https://www.patreon.com/feross"
				},
				{
					"type": "consulting",
					"url": "https://feross.org/support"
				}
			]
		},
		"node_modules/crc-32": {
			"version": "1.2.0",
			"resolved": "https://registry.npmjs.org/crc-32/-/crc-32-1.2.0.tgz",
			"integrity": "sha512-1uBwHxF+Y/4yF5G48fwnKq6QsIXheor3ZLPT80yGBV1oEUwpPojlEhQbWKVw1VwcTQyMGHK1/XMmTjmlsmTTGA==",
			"dependencies": {
				"exit-on-epipe": "~1.0.1",
				"printj": "~1.1.0"
			},
			"bin": {
				"crc32": "bin/crc32.njs"
			},
			"engines": {
				"node": ">=0.8"
			}
		},
		"node_modules/cross-fetch": {
			"version": "3.1.5",
			"resolved": "https://registry.npmjs.org/cross-fetch/-/cross-fetch-3.1.5.tgz",
			"integrity": "sha512-lvb1SBsI0Z7GDwmuid+mU3kWVBwTVUbe7S0H52yaaAdQOXq2YktTCZdlAcNKFzE6QtRz0snpw9bNiPeOIkkQvw==",
			"dependencies": {
				"node-fetch": "2.6.7"
			}
		},
		"node_modules/debug": {
			"version": "4.3.4",
			"resolved": "https://registry.npmjs.org/debug/-/debug-4.3.4.tgz",
			"integrity": "sha512-PRWFHuSU3eDtQJPvnNY7Jcket1j0t5OuOsFzPPzsekD52Zl8qUfFIPEiswXqIvHWGVHOgX+7G/vCNNhehwxfkQ==",
			"dependencies": {
				"ms": "2.1.2"
			},
			"engines": {
				"node": ">=6.0"
			},
			"peerDependenciesMeta": {
				"supports-color": {
					"optional": true
				}
			}
		},
		"node_modules/engine.io-client": {
			"version": "6.2.2",
			"resolved": "https://registry.npmjs.org/engine.io-client/-/engine.io-client-6.2.2.tgz",
			"integrity": "sha512-8ZQmx0LQGRTYkHuogVZuGSpDqYZtCM/nv8zQ68VZ+JkOpazJ7ICdsSpaO6iXwvaU30oFg5QJOJWj8zWqhbKjkQ==",
			"dependencies": {
				"@socket.io/component-emitter": "~3.1.0",
				"debug": "~4.3.1",
				"engine.io-parser": "~5.0.3",
				"ws": "~8.2.3",
				"xmlhttprequest-ssl": "~2.0.0"
			}
		},
		"node_modules/engine.io-parser": {
			"version": "5.0.4",
			"resolved": "https://registry.npmjs.org/engine.io-parser/-/engine.io-parser-5.0.4.tgz",
			"integrity": "sha512-+nVFp+5z1E3HcToEnO7ZIj3g+3k9389DvWtvJZz0T6/eOCPIyyxehFcedoYrZQrp0LgQbD9pPXhpMBKMd5QURg==",
			"engines": {
				"node": ">=10.0.0"
			}
		},
		"node_modules/events": {
			"version": "3.3.0",
			"resolved": "https://registry.npmjs.org/events/-/events-3.3.0.tgz",
			"integrity": "sha512-mQw+2fkQbALzQ7V0MY0IqdnXNOeTtP4r0lN9z7AAawCXgqea7bDii20AYrIBrFd/Hx0M2Ocz6S111CaFkUcb0Q==",
			"engines": {
				"node": ">=0.8.x"
			}
		},
		"node_modules/exit-on-epipe": {
			"version": "1.0.1",
			"resolved": "https://registry.npmjs.org/exit-on-epipe/-/exit-on-epipe-1.0.1.tgz",
			"integrity": "sha512-h2z5mrROTxce56S+pnvAV890uu7ls7f1kEvVGJbw1OlFH3/mlJ5bkXu0KRyW94v37zzHPiUd55iLn3DA7TjWpw==",
			"engines": {
				"node": ">=0.8"
			}
		},
		"node_modules/follow-redirects": {
			"version": "1.15.0",
			"resolved": "https://registry.npmjs.org/follow-redirects/-/follow-redirects-1.15.0.tgz",
			"integrity": "sha512-aExlJShTV4qOUOL7yF1U5tvLCB0xQuudbf6toyYA0E/acBNw71mvjFTnLaRp50aQaYocMR0a/RMMBIHeZnGyjQ==",
			"funding": [
				{
					"type": "individual",
					"url": "https://github.com/sponsors/RubenVerborgh"
				}
			],
			"engines": {
				"node": ">=4.0"
			},
			"peerDependenciesMeta": {
				"debug": {
					"optional": true
				}
			}
		},
		"node_modules/inherits": {
			"version": "2.0.4",
			"resolved": "https://registry.npmjs.org/inherits/-/inherits-2.0.4.tgz",
			"integrity": "sha512-k/vGaX4/Yla3WzyMCvTQOXYeIHvqOKtnqBduzTHpzpQZzAskKMhZ2K+EnBiSM9zGSoIFeMpXKxa4dYeZIQqewQ=="
		},
		"node_modules/json-stringify-safe": {
			"version": "5.0.1",
			"resolved": "https://registry.npmjs.org/json-stringify-safe/-/json-stringify-safe-5.0.1.tgz",
			"integrity": "sha1-Epai1Y/UXxmg9s4B1lcB4sc1tus="
		},
		"node_modules/jsrsasign": {
			"version": "10.5.20",
			"resolved": "https://registry.npmjs.org/jsrsasign/-/jsrsasign-10.5.20.tgz",
			"integrity": "sha512-YHL6y8o6cnRoxwUY0eGpfvwj0pm9o0NToD4KXVp2UJC19oXSR2RgnSdSMplIRRKFovLAJGrAHqdb5MMznnhQDQ==",
			"funding": {
				"url": "https://github.com/kjur/jsrsasign#donations"
			}
		},
		"node_modules/jwt-decode": {
			"version": "3.1.2",
			"resolved": "https://registry.npmjs.org/jwt-decode/-/jwt-decode-3.1.2.tgz",
			"integrity": "sha512-UfpWE/VZn0iP50d8cz9NrZLM9lSWhcJ+0Gt/nm4by88UL+J1SiKN8/5dkjMmbEzwL2CAe+67GsegCbIKtbp75A=="
		},
		"node_modules/lodash": {
			"version": "4.17.21",
			"resolved": "https://registry.npmjs.org/lodash/-/lodash-4.17.21.tgz",
			"integrity": "sha512-v2kDEe57lecTulaDIuNTPy3Ry4gLGJ6Z1O3vE1krgXZNrsQ+LFTGHVxVjcXPs17LhbZVGedAJv8XZ1tvj5FvSg=="
		},
		"node_modules/ms": {
			"version": "2.1.2",
			"resolved": "https://registry.npmjs.org/ms/-/ms-2.1.2.tgz",
			"integrity": "sha512-sGkPx+VjMtmA6MX27oA4FBFELFCZZ4S4XqeGOXCv68tT+jb3vk/RyaKWP0PTKyWtmLSM0b+adUTEvbs1PEaH2w=="
		},
		"node_modules/node-fetch": {
			"version": "2.6.7",
			"resolved": "https://registry.npmjs.org/node-fetch/-/node-fetch-2.6.7.tgz",
			"integrity": "sha512-ZjMPFEfVx5j+y2yF35Kzx5sF7kDzxuDj6ziH4FFbOp87zKDZNx8yExJIb05OGF4Nlt9IHFIMBkRl41VdvcNdbQ==",
			"dependencies": {
				"whatwg-url": "^5.0.0"
			},
			"engines": {
				"node": "4.x || >=6.0.0"
			},
			"peerDependencies": {
				"encoding": "^0.1.0"
			},
			"peerDependenciesMeta": {
				"encoding": {
					"optional": true
				}
			}
		},
		"node_modules/printj": {
			"version": "1.1.2",
			"resolved": "https://registry.npmjs.org/printj/-/printj-1.1.2.tgz",
			"integrity": "sha512-zA2SmoLaxZyArQTOPj5LXecR+RagfPSU5Kw1qP+jkWeNlrq+eJZyY2oS68SU1Z/7/myXM4lo9716laOFAVStCQ==",
			"bin": {
				"printj": "bin/printj.njs"
			},
			"engines": {
				"node": ">=0.8"
			}
		},
		"node_modules/querystringify": {
			"version": "2.2.0",
			"resolved": "https://registry.npmjs.org/querystringify/-/querystringify-2.2.0.tgz",
			"integrity": "sha512-FIqgj2EUvTa7R50u0rGsyTftzjYmv/a3hO345bZNrqabNqjtgiDMgmo4mkUjd+nzU5oF3dClKqFIPUKybUyqoQ=="
		},
		"node_modules/requires-port": {
			"version": "1.0.0",
			"resolved": "https://registry.npmjs.org/requires-port/-/requires-port-1.0.0.tgz",
			"integrity": "sha1-kl0mAdOaxIXgkc8NpcbmlNw9yv8="
		},
		"node_modules/safe-buffer": {
			"version": "5.2.1",
			"resolved": "https://registry.npmjs.org/safe-buffer/-/safe-buffer-5.2.1.tgz",
			"integrity": "sha512-rp3So07KcdmmKbGvgaNxQSJr7bGVSVk5S9Eq1F+ppbRo70+YeaDxkw5Dd8NPN+GD6bjnYm2VuPuCXmpuYvmCXQ==",
			"funding": [
				{
					"type": "github",
					"url": "https://github.com/sponsors/feross"
				},
				{
					"type": "patreon",
					"url": "https://www.patreon.com/feross"
				},
				{
					"type": "consulting",
					"url": "https://feross.org/support"
				}
			]
		},
		"node_modules/sha.js": {
			"version": "2.4.11",
			"resolved": "https://registry.npmjs.org/sha.js/-/sha.js-2.4.11.tgz",
			"integrity": "sha512-QMEp5B7cftE7APOjk5Y6xgrbWu+WkLVQwk8JNjZ8nKRciZaByEW6MubieAiToS7+dwvrjGhH8jRXz3MVd0AYqQ==",
			"dependencies": {
				"inherits": "^2.0.1",
				"safe-buffer": "^5.0.1"
			},
			"bin": {
				"sha.js": "bin.js"
			}
		},
		"node_modules/sillyname": {
			"version": "0.1.0",
			"resolved": "https://registry.npmjs.org/sillyname/-/sillyname-0.1.0.tgz",
			"integrity": "sha1-z9mIWOJJhnE0d3Xv47tRQfRsh9Y="
		},
		"node_modules/socket.io-client": {
			"version": "4.5.0",
			"resolved": "https://registry.npmjs.org/socket.io-client/-/socket.io-client-4.5.0.tgz",
			"integrity": "sha512-HW61c1G7OrYGxaI79WRn17+b03iBCdvhBj4iqyXHBoL5M8w2MSO/vChsjA93knG4GYEai1/vbXWJna9dzxXtSg==",
			"dependencies": {
				"@socket.io/component-emitter": "~3.1.0",
				"debug": "~4.3.2",
				"engine.io-client": "~6.2.1",
				"socket.io-parser": "~4.2.0"
			},
			"engines": {
				"node": ">=10.0.0"
			}
		},
		"node_modules/socket.io-parser": {
			"version": "4.2.0",
			"resolved": "https://registry.npmjs.org/socket.io-parser/-/socket.io-parser-4.2.0.tgz",
			"integrity": "sha512-tLfmEwcEwnlQTxFB7jibL/q2+q8dlVQzj4JdRLJ/W/G1+Fu9VSxCx1Lo+n1HvXxKnM//dUuD0xgiA7tQf57Vng==",
			"dependencies": {
				"@socket.io/component-emitter": "~3.1.0",
				"debug": "~4.3.1"
			},
			"engines": {
				"node": ">=10.0.0"
			}
		},
		"node_modules/tr46": {
			"version": "0.0.3",
			"resolved": "https://registry.npmjs.org/tr46/-/tr46-0.0.3.tgz",
			"integrity": "sha1-gYT9NH2snNwYWZLzpmIuFLnZq2o="
		},
		"node_modules/url-parse": {
			"version": "1.5.10",
			"resolved": "https://registry.npmjs.org/url-parse/-/url-parse-1.5.10.tgz",
			"integrity": "sha512-WypcfiRhfeUP9vvF0j6rw0J3hrWrw6iZv3+22h6iRMJ/8z1Tj6XfLP4DsUix5MhMPnXpiHDoKyoZ/bdCkwBCiQ==",
			"dependencies": {
				"querystringify": "^2.1.1",
				"requires-port": "^1.0.0"
			}
		},
		"node_modules/uuid": {
			"version": "8.3.2",
			"resolved": "https://registry.npmjs.org/uuid/-/uuid-8.3.2.tgz",
			"integrity": "sha512-+NYs2QeMWy+GWFOEm9xnn6HCDp0l7QBD7ml8zLUmJ+93Q5NF0NocErnwkTkXVFNiX3/fpC6afS8Dhb/gz7R7eg==",
			"bin": {
				"uuid": "dist/bin/uuid"
			}
		},
		"node_modules/webidl-conversions": {
			"version": "3.0.1",
			"resolved": "https://registry.npmjs.org/webidl-conversions/-/webidl-conversions-3.0.1.tgz",
			"integrity": "sha1-JFNCdeKnvGvnvIZhHMFq4KVlSHE="
		},
		"node_modules/whatwg-url": {
			"version": "5.0.0",
			"resolved": "https://registry.npmjs.org/whatwg-url/-/whatwg-url-5.0.0.tgz",
			"integrity": "sha1-lmRU6HZUYuN2RNNib2dCzotwll0=",
			"dependencies": {
				"tr46": "~0.0.3",
				"webidl-conversions": "^3.0.0"
			}
		},
		"node_modules/ws": {
			"version": "8.2.3",
			"resolved": "https://registry.npmjs.org/ws/-/ws-8.2.3.tgz",
			"integrity": "sha512-wBuoj1BDpC6ZQ1B7DWQBYVLphPWkm8i9Y0/3YdHjHKHiohOJ1ws+3OccDWtH+PoC9DZD5WOTrJvNbWvjS6JWaA==",
			"engines": {
				"node": ">=10.0.0"
			},
			"peerDependencies": {
				"bufferutil": "^4.0.1",
				"utf-8-validate": "^5.0.2"
			},
			"peerDependenciesMeta": {
				"bufferutil": {
					"optional": true
				},
				"utf-8-validate": {
					"optional": true
				}
			}
		},
		"node_modules/xmlhttprequest-ssl": {
			"version": "2.0.0",
			"resolved": "https://registry.npmjs.org/xmlhttprequest-ssl/-/xmlhttprequest-ssl-2.0.0.tgz",
			"integrity": "sha512-QKxVRxiRACQcVuQEYFsI1hhkrMlrXHPegbbd1yn9UHOmRxY+si12nQYzri3vbzt8VdTTRviqcKxcyllFas5z2A==",
			"engines": {
				"node": ">=0.4.0"
			}
		}
	},
	"dependencies": {
		"@fluidframework/azure-service-utils": {
			"version": "0.58.2002",
			"resolved": "https://registry.npmjs.org/@fluidframework/azure-service-utils/-/azure-service-utils-0.58.2002.tgz",
			"integrity": "sha512-2KrKPi0ua0GWMAoCRAOc5SHkW1WgcQycmKAAICe6VfiReb1bWwgPSdIUj4NNdmDFM2ulq6p5iuilvMcahoNk9w==",
			"requires": {
				"@fluidframework/protocol-definitions": "^0.1027.1000",
				"jsrsasign": "^10.2.0"
			}
		},
		"@fluidframework/common-definitions": {
			"version": "0.20.1",
			"resolved": "https://registry.npmjs.org/@fluidframework/common-definitions/-/common-definitions-0.20.1.tgz",
			"integrity": "sha512-KaoQ7w2MDH5OeRKVatL5yVOCFg+9wD6bLSLFh1/TV1EZM46l49iBqO7UVjUtPE6BIm0jvvOzJXULGVSpzokX3g=="
		},
		"@fluidframework/common-utils": {
			"version": "0.32.1",
			"resolved": "https://registry.npmjs.org/@fluidframework/common-utils/-/common-utils-0.32.1.tgz",
			"integrity": "sha512-8m7nTGLyzQqjGX9qZmE1L65IfSxrcEo35MtCVmH0qfttfVqEFghxXAgtmrcfvKkg6NUDTmb13hdyNx0hZlky7w==",
			"requires": {
				"@fluidframework/common-definitions": "^0.20.1",
				"@types/events": "^3.0.0",
				"base64-js": "^1.5.1",
				"events": "^3.1.0",
				"lodash": "^4.17.21",
				"sha.js": "^2.4.11"
			}
		},
		"@fluidframework/container-definitions": {
			"version": "0.47.1000",
			"resolved": "https://registry.npmjs.org/@fluidframework/container-definitions/-/container-definitions-0.47.1000.tgz",
			"integrity": "sha512-L6I1HYEAmfMZfRx3O8JB3Z0Z96BbzuT+LPpx94s9J7L9pbLxfKQwSWNtYSMj0T8RxV4qGdzqABDnyYW6mwjm8w==",
			"requires": {
				"@fluidframework/common-definitions": "^0.20.0",
				"@fluidframework/core-interfaces": "^0.42.0",
				"@fluidframework/driver-definitions": "^0.45.1000",
				"@fluidframework/protocol-definitions": "^0.1027.1000"
			}
		},
		"@fluidframework/container-runtime-definitions": {
			"version": "0.58.2002",
			"resolved": "https://registry.npmjs.org/@fluidframework/container-runtime-definitions/-/container-runtime-definitions-0.58.2002.tgz",
			"integrity": "sha512-f7BKafg7LTB4R9qkzrliqWeQycrlg9UGZVi1OL7EY737vp1BScx0IGPjPwitDZ4b3L5VpjIvhsoF6JWQFKskLA==",
			"requires": {
				"@fluidframework/common-definitions": "^0.20.1",
				"@fluidframework/container-definitions": "^0.47.1000",
				"@fluidframework/core-interfaces": "^0.42.0",
				"@fluidframework/driver-definitions": "^0.45.1000",
				"@fluidframework/protocol-definitions": "^0.1027.1000",
				"@fluidframework/runtime-definitions": "^0.58.2002",
				"@types/node": "^14.18.0"
			}
		},
		"@fluidframework/core-interfaces": {
			"version": "0.42.0",
			"resolved": "https://registry.npmjs.org/@fluidframework/core-interfaces/-/core-interfaces-0.42.0.tgz",
			"integrity": "sha512-++hCu5X6e2CL2swrhXoGaJanGjvaHZNmTT/cSYI8tfnX4cW7eRJuIy8Kcg6K3nMn4thxbVPW7+QG4VPRNuGlMQ=="
		},
		"@fluidframework/datastore-definitions": {
			"version": "0.58.2002",
			"resolved": "https://registry.npmjs.org/@fluidframework/datastore-definitions/-/datastore-definitions-0.58.2002.tgz",
			"integrity": "sha512-UBjBgaWKdW77oykAVrEJnEFGuQ827vHPWCO878vks44Zc3mpOcjfADGA4nqvVlV2NP8euldxJZJVeuIf/wj4xQ==",
			"requires": {
				"@fluidframework/common-definitions": "^0.20.1",
				"@fluidframework/common-utils": "^0.32.1",
				"@fluidframework/container-definitions": "^0.47.1000",
				"@fluidframework/core-interfaces": "^0.42.0",
				"@fluidframework/protocol-definitions": "^0.1027.1000",
				"@fluidframework/runtime-definitions": "^0.58.2002",
				"@types/node": "^14.18.0"
			}
		},
		"@fluidframework/driver-base": {
			"version": "0.58.2002",
			"resolved": "https://registry.npmjs.org/@fluidframework/driver-base/-/driver-base-0.58.2002.tgz",
			"integrity": "sha512-iXQQH4QWr7E6oNmmpBmcneeNbSsjaMfZsqx8qebjB6+HgqqZCRgdXzCpp+A7cdq2hAthOCDfKqrQ7DLauG+u1g==",
			"requires": {
				"@fluidframework/common-definitions": "^0.20.1",
				"@fluidframework/common-utils": "^0.32.1",
				"@fluidframework/driver-definitions": "^0.45.1000",
				"@fluidframework/driver-utils": "^0.58.2002",
				"@fluidframework/protocol-definitions": "^0.1027.1000",
				"@fluidframework/telemetry-utils": "^0.58.2002"
			}
		},
		"@fluidframework/driver-definitions": {
			"version": "0.45.1000",
			"resolved": "https://registry.npmjs.org/@fluidframework/driver-definitions/-/driver-definitions-0.45.1000.tgz",
			"integrity": "sha512-n7JkAJ6yEcl8ACCfqJ754SAzjpeI9u33ZjElkXsO46yE4XKoD/Fkm7RcTFrDyUl9ydJpTnHIbB5idt5Ywmt2vg==",
			"requires": {
				"@fluidframework/common-definitions": "^0.20.0",
				"@fluidframework/core-interfaces": "^0.42.0",
				"@fluidframework/protocol-definitions": "^0.1027.1000"
			}
		},
		"@fluidframework/driver-utils": {
			"version": "0.58.2002",
			"resolved": "https://registry.npmjs.org/@fluidframework/driver-utils/-/driver-utils-0.58.2002.tgz",
			"integrity": "sha512-75SoHl7XTwObW8XVT4CusYiXbnldvdf1DNAMRuaMe00ntymC+uHydbIvs9U9gKWzsl+r1YbKkWoFBZaI6imZeQ==",
			"requires": {
				"@fluidframework/common-definitions": "^0.20.1",
				"@fluidframework/common-utils": "^0.32.1",
				"@fluidframework/core-interfaces": "^0.42.0",
				"@fluidframework/driver-definitions": "^0.45.1000",
				"@fluidframework/gitresources": "^0.1035.1000",
				"@fluidframework/protocol-base": "^0.1035.1000",
				"@fluidframework/protocol-definitions": "^0.1027.1000",
				"@fluidframework/telemetry-utils": "^0.58.2002",
				"axios": "^0.26.0",
				"uuid": "^8.3.1"
			}
		},
		"@fluidframework/garbage-collector": {
			"version": "0.58.2002",
			"resolved": "https://registry.npmjs.org/@fluidframework/garbage-collector/-/garbage-collector-0.58.2002.tgz",
			"integrity": "sha512-j/uV4T6Akt/el3OgjpsSdW46kc+07N48oYFpUFXyO7/skXobW2o29bIXHVBbRuDTtX24wjTVxNWfr05ZpHny3w==",
			"requires": {
				"@fluidframework/common-definitions": "^0.20.1",
				"@fluidframework/common-utils": "^0.32.1",
				"@fluidframework/runtime-definitions": "^0.58.2002"
			}
		},
		"@fluidframework/gitresources": {
			"version": "0.1035.1000",
			"resolved": "https://registry.npmjs.org/@fluidframework/gitresources/-/gitresources-0.1035.1000.tgz",
			"integrity": "sha512-wva423Pk9+SRDr7OlgvZxHdohGuo6cI4yenj7aVLenbqhrq72zxT8hJ5TG4PZJeu2BEybZRxz6AFGRLZpGp8CQ=="
		},
		"@fluidframework/protocol-base": {
			"version": "0.1035.1000",
			"resolved": "https://registry.npmjs.org/@fluidframework/protocol-base/-/protocol-base-0.1035.1000.tgz",
			"integrity": "sha512-MMHe/RUT99cf70kQ/rHGlNl85zJooiCdENSJIWObbZTfuDsZf0f8wjHjr1i39/wEs+2/eZ0pTWLB4HVom6UMpA==",
			"requires": {
				"@fluidframework/common-utils": "^0.32.1",
				"@fluidframework/gitresources": "^0.1035.1000",
				"@fluidframework/protocol-definitions": "^0.1027.1000",
				"lodash": "^4.17.21"
			}
		},
		"@fluidframework/protocol-definitions": {
			"version": "0.1027.1000",
			"resolved": "https://registry.npmjs.org/@fluidframework/protocol-definitions/-/protocol-definitions-0.1027.1000.tgz",
			"integrity": "sha512-6eUlOw9bOLjGmma1XtJDq7bMgSmrut+tsTA37kfokcWiUCBhlxLXq+fJkLuhjDOCVowEy5m0fRgt3vHzG/H9mg==",
			"requires": {
				"@fluidframework/common-definitions": "^0.20.0"
			}
		},
		"@fluidframework/routerlicious-driver": {
			"version": "0.58.2002",
			"resolved": "https://registry.npmjs.org/@fluidframework/routerlicious-driver/-/routerlicious-driver-0.58.2002.tgz",
			"integrity": "sha512-/WEm5uHC46TWRHJ90kopG/AE+Uz9R1va5AIGlQrD4iFDdRA4JXHbgD+QJmlt93eF9YRqOgd2sQKRAu8U0zwmTg==",
			"requires": {
				"@fluidframework/common-definitions": "^0.20.1",
				"@fluidframework/common-utils": "^0.32.1",
				"@fluidframework/driver-base": "^0.58.2002",
				"@fluidframework/driver-definitions": "^0.45.1000",
				"@fluidframework/driver-utils": "^0.58.2002",
				"@fluidframework/gitresources": "^0.1035.1000",
				"@fluidframework/protocol-base": "^0.1035.1000",
				"@fluidframework/protocol-definitions": "^0.1027.1000",
				"@fluidframework/server-services-client": "^0.1035.1000",
				"@fluidframework/telemetry-utils": "^0.58.2002",
				"cross-fetch": "^3.1.5",
				"json-stringify-safe": "5.0.1",
				"socket.io-client": "^4.4.1",
				"url-parse": "^1.5.8",
				"uuid": "^8.3.1"
			}
		},
		"@fluidframework/runtime-definitions": {
			"version": "0.58.2002",
			"resolved": "https://registry.npmjs.org/@fluidframework/runtime-definitions/-/runtime-definitions-0.58.2002.tgz",
			"integrity": "sha512-6a/P130KbBGFZ2mqRT7GhDQG3vLqyIO9fth+gFDMVHm8OjP7xmjgl1rOtfKHfqf0+PbBHl0S1zIpohLo27M3qg==",
			"requires": {
				"@fluidframework/common-definitions": "^0.20.1",
				"@fluidframework/common-utils": "^0.32.1",
				"@fluidframework/container-definitions": "^0.47.1000",
				"@fluidframework/core-interfaces": "^0.42.0",
				"@fluidframework/driver-definitions": "^0.45.1000",
				"@fluidframework/protocol-definitions": "^0.1027.1000",
				"@types/node": "^14.18.0"
			}
		},
		"@fluidframework/runtime-utils": {
			"version": "0.58.2002",
			"resolved": "https://registry.npmjs.org/@fluidframework/runtime-utils/-/runtime-utils-0.58.2002.tgz",
			"integrity": "sha512-Ixrqq/Gxq2OuPYDLszdPZXd1B9TtiofPjpGxiQcRknOiGNEdRUhOcLdv/+j7gRB2b1LoX7J+xw/93arboD3KdA==",
			"requires": {
				"@fluidframework/common-definitions": "^0.20.1",
				"@fluidframework/common-utils": "^0.32.1",
				"@fluidframework/container-definitions": "^0.47.1000",
				"@fluidframework/container-runtime-definitions": "^0.58.2002",
				"@fluidframework/core-interfaces": "^0.42.0",
				"@fluidframework/datastore-definitions": "^0.58.2002",
				"@fluidframework/garbage-collector": "^0.58.2002",
				"@fluidframework/protocol-base": "^0.1035.1000",
				"@fluidframework/protocol-definitions": "^0.1027.1000",
				"@fluidframework/runtime-definitions": "^0.58.2002",
				"@fluidframework/telemetry-utils": "^0.58.2002"
			}
		},
		"@fluidframework/server-services-client": {
			"version": "0.1035.1000",
			"resolved": "https://registry.npmjs.org/@fluidframework/server-services-client/-/server-services-client-0.1035.1000.tgz",
			"integrity": "sha512-zYXg7hIA57+3I4OnZP4s4vRIt0kjK7dG0kia7V9HnrJ1V+1u19tZwDUuj8zEydPaMGyraIRP5We+z6aYeZhErQ==",
			"requires": {
				"@fluidframework/common-utils": "^0.32.1",
				"@fluidframework/gitresources": "^0.1035.1000",
				"@fluidframework/protocol-base": "^0.1035.1000",
				"@fluidframework/protocol-definitions": "^0.1027.1000",
				"axios": "^0.26.0",
				"crc-32": "1.2.0",
				"debug": "^4.1.1",
				"json-stringify-safe": "^5.0.1",
				"jsrsasign": "^10.2.0",
				"jwt-decode": "^3.0.0",
				"sillyname": "^0.1.0",
				"uuid": "^8.3.1"
			}
		},
		"@fluidframework/telemetry-utils": {
			"version": "0.58.2002",
			"resolved": "https://registry.npmjs.org/@fluidframework/telemetry-utils/-/telemetry-utils-0.58.2002.tgz",
			"integrity": "sha512-8JQhGvO+vf/G6mYK0fbgD4mcDe1afLkCOuAnfLD+pZgaxV1Gz2FpjLam0enjXI4/9/1ORRqvVg1MDEYatyN7MA==",
			"requires": {
				"@fluidframework/common-definitions": "^0.20.1",
				"@fluidframework/common-utils": "^0.32.1",
				"debug": "^4.1.1",
				"events": "^3.1.0",
				"uuid": "^8.3.1"
			}
		},
		"@fluidframework/test-client-utils": {
			"version": "0.58.2002",
			"resolved": "https://registry.npmjs.org/@fluidframework/test-client-utils/-/test-client-utils-0.58.2002.tgz",
			"integrity": "sha512-yqqTi0yO4nOvutKlPkUyio8sjmdM5amES/dhd62xymUq1/Rkbk4R3NIpc1rZaDP0HlIaKmCTk3UEwbnxlAOgsA==",
			"requires": {
				"@fluidframework/protocol-definitions": "^0.1027.1000",
				"@fluidframework/test-runtime-utils": "^0.58.2002",
				"sillyname": "^0.1.0"
			}
		},
		"@fluidframework/test-runtime-utils": {
			"version": "0.58.2002",
			"resolved": "https://registry.npmjs.org/@fluidframework/test-runtime-utils/-/test-runtime-utils-0.58.2002.tgz",
			"integrity": "sha512-nl2R13e7RBqUh99YigZfT8dVQcWn+tURPPZB16QjyrEk0B8/wcldMxD3oWUe0Re686IeWmDG8UWVsWy1n+CdkQ==",
			"requires": {
				"@fluidframework/azure-service-utils": "^0.58.2002",
				"@fluidframework/common-definitions": "^0.20.1",
				"@fluidframework/common-utils": "^0.32.1",
				"@fluidframework/container-definitions": "^0.47.1000",
				"@fluidframework/core-interfaces": "^0.42.0",
				"@fluidframework/datastore-definitions": "^0.58.2002",
				"@fluidframework/driver-definitions": "^0.45.1000",
				"@fluidframework/driver-utils": "^0.58.2002",
				"@fluidframework/protocol-definitions": "^0.1027.1000",
				"@fluidframework/routerlicious-driver": "^0.58.2002",
				"@fluidframework/runtime-definitions": "^0.58.2002",
				"@fluidframework/runtime-utils": "^0.58.2002",
				"@fluidframework/telemetry-utils": "^0.58.2002",
				"axios": "^0.26.0",
				"uuid": "^8.3.1"
			}
		},
		"@socket.io/component-emitter": {
			"version": "3.1.0",
			"resolved": "https://registry.npmjs.org/@socket.io/component-emitter/-/component-emitter-3.1.0.tgz",
			"integrity": "sha512-+9jVqKhRSpsc591z5vX+X5Yyw+he/HCB4iQ/RYxw35CEPaY1gnsNE43nf9n9AaYjAQrTiI/mOwKUKdUs9vf7Xg=="
		},
		"@types/events": {
			"version": "3.0.0",
			"resolved": "https://registry.npmjs.org/@types/events/-/events-3.0.0.tgz",
			"integrity": "sha512-EaObqwIvayI5a8dCzhFrjKzVwKLxjoG9T6Ppd5CEo07LRKfQ8Yokw54r5+Wq7FaBQ+yXRvQAYPrHwya1/UFt9g=="
		},
		"@types/node": {
			"version": "14.18.18",
			"resolved": "https://registry.npmjs.org/@types/node/-/node-14.18.18.tgz",
			"integrity": "sha512-B9EoJFjhqcQ9OmQrNorItO+OwEOORNn3S31WuiHvZY/dm9ajkB7AKD/8toessEtHHNL+58jofbq7hMMY9v4yig=="
		},
		"axios": {
			"version": "0.26.1",
			"resolved": "https://registry.npmjs.org/axios/-/axios-0.26.1.tgz",
			"integrity": "sha512-fPwcX4EvnSHuInCMItEhAGnaSEXRBjtzh9fOtsE6E1G6p7vl7edEeZe11QHf18+6+9gR5PbKV/sGKNaD8YaMeA==",
			"requires": {
				"follow-redirects": "^1.14.8"
			}
		},
		"base64-js": {
			"version": "1.5.1",
			"resolved": "https://registry.npmjs.org/base64-js/-/base64-js-1.5.1.tgz",
			"integrity": "sha512-AKpaYlHn8t4SVbOHCy+b5+KKgvR4vrsD8vbvrbiQJps7fKDTkjkDry6ji0rUJjC0kzbNePLwzxq8iypo41qeWA=="
		},
		"crc-32": {
			"version": "1.2.0",
			"resolved": "https://registry.npmjs.org/crc-32/-/crc-32-1.2.0.tgz",
			"integrity": "sha512-1uBwHxF+Y/4yF5G48fwnKq6QsIXheor3ZLPT80yGBV1oEUwpPojlEhQbWKVw1VwcTQyMGHK1/XMmTjmlsmTTGA==",
			"requires": {
				"exit-on-epipe": "~1.0.1",
				"printj": "~1.1.0"
			}
		},
		"cross-fetch": {
			"version": "3.1.5",
			"resolved": "https://registry.npmjs.org/cross-fetch/-/cross-fetch-3.1.5.tgz",
			"integrity": "sha512-lvb1SBsI0Z7GDwmuid+mU3kWVBwTVUbe7S0H52yaaAdQOXq2YktTCZdlAcNKFzE6QtRz0snpw9bNiPeOIkkQvw==",
			"requires": {
				"node-fetch": "2.6.7"
			}
		},
		"debug": {
			"version": "4.3.4",
			"resolved": "https://registry.npmjs.org/debug/-/debug-4.3.4.tgz",
			"integrity": "sha512-PRWFHuSU3eDtQJPvnNY7Jcket1j0t5OuOsFzPPzsekD52Zl8qUfFIPEiswXqIvHWGVHOgX+7G/vCNNhehwxfkQ==",
			"requires": {
				"ms": "2.1.2"
			}
		},
		"engine.io-client": {
			"version": "6.2.2",
			"resolved": "https://registry.npmjs.org/engine.io-client/-/engine.io-client-6.2.2.tgz",
			"integrity": "sha512-8ZQmx0LQGRTYkHuogVZuGSpDqYZtCM/nv8zQ68VZ+JkOpazJ7ICdsSpaO6iXwvaU30oFg5QJOJWj8zWqhbKjkQ==",
			"requires": {
				"@socket.io/component-emitter": "~3.1.0",
				"debug": "~4.3.1",
				"engine.io-parser": "~5.0.3",
				"ws": "~8.2.3",
				"xmlhttprequest-ssl": "~2.0.0"
			}
		},
		"engine.io-parser": {
			"version": "5.0.4",
			"resolved": "https://registry.npmjs.org/engine.io-parser/-/engine.io-parser-5.0.4.tgz",
			"integrity": "sha512-+nVFp+5z1E3HcToEnO7ZIj3g+3k9389DvWtvJZz0T6/eOCPIyyxehFcedoYrZQrp0LgQbD9pPXhpMBKMd5QURg=="
		},
		"events": {
			"version": "3.3.0",
			"resolved": "https://registry.npmjs.org/events/-/events-3.3.0.tgz",
			"integrity": "sha512-mQw+2fkQbALzQ7V0MY0IqdnXNOeTtP4r0lN9z7AAawCXgqea7bDii20AYrIBrFd/Hx0M2Ocz6S111CaFkUcb0Q=="
		},
		"exit-on-epipe": {
			"version": "1.0.1",
			"resolved": "https://registry.npmjs.org/exit-on-epipe/-/exit-on-epipe-1.0.1.tgz",
			"integrity": "sha512-h2z5mrROTxce56S+pnvAV890uu7ls7f1kEvVGJbw1OlFH3/mlJ5bkXu0KRyW94v37zzHPiUd55iLn3DA7TjWpw=="
		},
		"follow-redirects": {
			"version": "1.15.0",
			"resolved": "https://registry.npmjs.org/follow-redirects/-/follow-redirects-1.15.0.tgz",
			"integrity": "sha512-aExlJShTV4qOUOL7yF1U5tvLCB0xQuudbf6toyYA0E/acBNw71mvjFTnLaRp50aQaYocMR0a/RMMBIHeZnGyjQ=="
		},
		"inherits": {
			"version": "2.0.4",
			"resolved": "https://registry.npmjs.org/inherits/-/inherits-2.0.4.tgz",
			"integrity": "sha512-k/vGaX4/Yla3WzyMCvTQOXYeIHvqOKtnqBduzTHpzpQZzAskKMhZ2K+EnBiSM9zGSoIFeMpXKxa4dYeZIQqewQ=="
		},
		"json-stringify-safe": {
			"version": "5.0.1",
			"resolved": "https://registry.npmjs.org/json-stringify-safe/-/json-stringify-safe-5.0.1.tgz",
			"integrity": "sha1-Epai1Y/UXxmg9s4B1lcB4sc1tus="
		},
		"jsrsasign": {
			"version": "10.5.20",
			"resolved": "https://registry.npmjs.org/jsrsasign/-/jsrsasign-10.5.20.tgz",
			"integrity": "sha512-YHL6y8o6cnRoxwUY0eGpfvwj0pm9o0NToD4KXVp2UJC19oXSR2RgnSdSMplIRRKFovLAJGrAHqdb5MMznnhQDQ=="
		},
		"jwt-decode": {
			"version": "3.1.2",
			"resolved": "https://registry.npmjs.org/jwt-decode/-/jwt-decode-3.1.2.tgz",
			"integrity": "sha512-UfpWE/VZn0iP50d8cz9NrZLM9lSWhcJ+0Gt/nm4by88UL+J1SiKN8/5dkjMmbEzwL2CAe+67GsegCbIKtbp75A=="
		},
		"lodash": {
			"version": "4.17.21",
			"resolved": "https://registry.npmjs.org/lodash/-/lodash-4.17.21.tgz",
			"integrity": "sha512-v2kDEe57lecTulaDIuNTPy3Ry4gLGJ6Z1O3vE1krgXZNrsQ+LFTGHVxVjcXPs17LhbZVGedAJv8XZ1tvj5FvSg=="
		},
		"ms": {
			"version": "2.1.2",
			"resolved": "https://registry.npmjs.org/ms/-/ms-2.1.2.tgz",
			"integrity": "sha512-sGkPx+VjMtmA6MX27oA4FBFELFCZZ4S4XqeGOXCv68tT+jb3vk/RyaKWP0PTKyWtmLSM0b+adUTEvbs1PEaH2w=="
		},
		"node-fetch": {
			"version": "2.6.7",
			"resolved": "https://registry.npmjs.org/node-fetch/-/node-fetch-2.6.7.tgz",
			"integrity": "sha512-ZjMPFEfVx5j+y2yF35Kzx5sF7kDzxuDj6ziH4FFbOp87zKDZNx8yExJIb05OGF4Nlt9IHFIMBkRl41VdvcNdbQ==",
			"requires": {
				"whatwg-url": "^5.0.0"
			}
		},
		"printj": {
			"version": "1.1.2",
			"resolved": "https://registry.npmjs.org/printj/-/printj-1.1.2.tgz",
			"integrity": "sha512-zA2SmoLaxZyArQTOPj5LXecR+RagfPSU5Kw1qP+jkWeNlrq+eJZyY2oS68SU1Z/7/myXM4lo9716laOFAVStCQ=="
		},
		"querystringify": {
			"version": "2.2.0",
			"resolved": "https://registry.npmjs.org/querystringify/-/querystringify-2.2.0.tgz",
			"integrity": "sha512-FIqgj2EUvTa7R50u0rGsyTftzjYmv/a3hO345bZNrqabNqjtgiDMgmo4mkUjd+nzU5oF3dClKqFIPUKybUyqoQ=="
		},
		"requires-port": {
			"version": "1.0.0",
			"resolved": "https://registry.npmjs.org/requires-port/-/requires-port-1.0.0.tgz",
			"integrity": "sha1-kl0mAdOaxIXgkc8NpcbmlNw9yv8="
		},
		"safe-buffer": {
			"version": "5.2.1",
			"resolved": "https://registry.npmjs.org/safe-buffer/-/safe-buffer-5.2.1.tgz",
			"integrity": "sha512-rp3So07KcdmmKbGvgaNxQSJr7bGVSVk5S9Eq1F+ppbRo70+YeaDxkw5Dd8NPN+GD6bjnYm2VuPuCXmpuYvmCXQ=="
		},
		"sha.js": {
			"version": "2.4.11",
			"resolved": "https://registry.npmjs.org/sha.js/-/sha.js-2.4.11.tgz",
			"integrity": "sha512-QMEp5B7cftE7APOjk5Y6xgrbWu+WkLVQwk8JNjZ8nKRciZaByEW6MubieAiToS7+dwvrjGhH8jRXz3MVd0AYqQ==",
			"requires": {
				"inherits": "^2.0.1",
				"safe-buffer": "^5.0.1"
			}
		},
		"sillyname": {
			"version": "0.1.0",
			"resolved": "https://registry.npmjs.org/sillyname/-/sillyname-0.1.0.tgz",
			"integrity": "sha1-z9mIWOJJhnE0d3Xv47tRQfRsh9Y="
		},
		"socket.io-client": {
			"version": "4.5.0",
			"resolved": "https://registry.npmjs.org/socket.io-client/-/socket.io-client-4.5.0.tgz",
			"integrity": "sha512-HW61c1G7OrYGxaI79WRn17+b03iBCdvhBj4iqyXHBoL5M8w2MSO/vChsjA93knG4GYEai1/vbXWJna9dzxXtSg==",
			"requires": {
				"@socket.io/component-emitter": "~3.1.0",
				"debug": "~4.3.2",
				"engine.io-client": "~6.2.1",
				"socket.io-parser": "~4.2.0"
			}
		},
		"socket.io-parser": {
			"version": "4.2.0",
			"resolved": "https://registry.npmjs.org/socket.io-parser/-/socket.io-parser-4.2.0.tgz",
			"integrity": "sha512-tLfmEwcEwnlQTxFB7jibL/q2+q8dlVQzj4JdRLJ/W/G1+Fu9VSxCx1Lo+n1HvXxKnM//dUuD0xgiA7tQf57Vng==",
			"requires": {
				"@socket.io/component-emitter": "~3.1.0",
				"debug": "~4.3.1"
			}
		},
		"tr46": {
			"version": "0.0.3",
			"resolved": "https://registry.npmjs.org/tr46/-/tr46-0.0.3.tgz",
			"integrity": "sha1-gYT9NH2snNwYWZLzpmIuFLnZq2o="
		},
		"url-parse": {
			"version": "1.5.10",
			"resolved": "https://registry.npmjs.org/url-parse/-/url-parse-1.5.10.tgz",
			"integrity": "sha512-WypcfiRhfeUP9vvF0j6rw0J3hrWrw6iZv3+22h6iRMJ/8z1Tj6XfLP4DsUix5MhMPnXpiHDoKyoZ/bdCkwBCiQ==",
			"requires": {
				"querystringify": "^2.1.1",
				"requires-port": "^1.0.0"
			}
		},
		"uuid": {
			"version": "8.3.2",
			"resolved": "https://registry.npmjs.org/uuid/-/uuid-8.3.2.tgz",
			"integrity": "sha512-+NYs2QeMWy+GWFOEm9xnn6HCDp0l7QBD7ml8zLUmJ+93Q5NF0NocErnwkTkXVFNiX3/fpC6afS8Dhb/gz7R7eg=="
		},
		"webidl-conversions": {
			"version": "3.0.1",
			"resolved": "https://registry.npmjs.org/webidl-conversions/-/webidl-conversions-3.0.1.tgz",
			"integrity": "sha1-JFNCdeKnvGvnvIZhHMFq4KVlSHE="
		},
		"whatwg-url": {
			"version": "5.0.0",
			"resolved": "https://registry.npmjs.org/whatwg-url/-/whatwg-url-5.0.0.tgz",
			"integrity": "sha1-lmRU6HZUYuN2RNNib2dCzotwll0=",
			"requires": {
				"tr46": "~0.0.3",
				"webidl-conversions": "^3.0.0"
			}
		},
		"ws": {
			"version": "8.2.3",
			"resolved": "https://registry.npmjs.org/ws/-/ws-8.2.3.tgz",
			"integrity": "sha512-wBuoj1BDpC6ZQ1B7DWQBYVLphPWkm8i9Y0/3YdHjHKHiohOJ1ws+3OccDWtH+PoC9DZD5WOTrJvNbWvjS6JWaA==",
			"requires": {}
		},
		"xmlhttprequest-ssl": {
			"version": "2.0.0",
			"resolved": "https://registry.npmjs.org/xmlhttprequest-ssl/-/xmlhttprequest-ssl-2.0.0.tgz",
			"integrity": "sha512-QKxVRxiRACQcVuQEYFsI1hhkrMlrXHPegbbd1yn9UHOmRxY+si12nQYzri3vbzt8VdTTRviqcKxcyllFas5z2A=="
		}
	}
}
