{
    "name": "@microsoft/react-live-canvas",
    "version": "0.4.0",
    "lockfileVersion": 2,
    "requires": true,
    "packages": {
        "": {
            "name": "@microsoft/react-live-canvas",
            "version": "0.4.0",
            "license": "MIT",
            "dependencies": {
                "web-vitals": "^2.1.4"
            }
        },
        "node_modules/web-vitals": {
            "version": "2.1.4",
            "resolved": "https://domoreexp.pkgs.visualstudio.com/_packaging/npm-mirror/npm/registry/web-vitals/-/web-vitals-2.1.4.tgz",
            "integrity": "sha1-dlYxdaR1peg1Jk03NwT53ecYKQw=",
            "license": "Apache-2.0"
        }
    },
    "dependencies": {
        "web-vitals": {
            "version": "2.1.4",
            "resolved": "https://domoreexp.pkgs.visualstudio.com/_packaging/npm-mirror/npm/registry/web-vitals/-/web-vitals-2.1.4.tgz",
            "integrity": "sha1-dlYxdaR1peg1Jk03NwT53ecYKQw="
        }
    }
}
